
Microsoft Visual Studio Solution File, Format Version 12.00
# Visual Studio Version 16
VisualStudioVersion = 16.0.31729.503
MinimumVisualStudioVersion = 10.0.40219.1
Project("{FAE04EC0-301F-11D3-BF4B-00C04F79EFBC}") = "TestBugs.Android", "TestBugs.Android\TestBugs.Android.csproj", "{2A04118F-68A1-40C2-B63F-47A4FB9278E9}"
EndProject
Project("{FAE04EC0-301F-11D3-BF4B-00C04F79EFBC}") = "TestBugs.iOS", "TestBugs.iOS\TestBugs.iOS.csproj", "{66CA25AD-6803-4C26-A63B-3737FEA8F6A1}"
EndProject
Project("{9A19103F-16F7-4668-BE54-9A1E7A4F7556}") = "TestBugs", "TestBugs\TestBugs.csproj", "{12ED7006-AFB9-494C-A73C-588D71D88E23}"
EndProject
Project("{FAE04EC0-301F-11D3-BF4B-00C04F79EFBC}") = "TabbedPage1.Android", "TabbedPage1\TabbedPage1.Android\TabbedPage1.Android.csproj", "{FD7F17F5-4802-4384-85E4-0C1268BF660C}"
EndProject
Project("{FAE04EC0-301F-11D3-BF4B-00C04F79EFBC}") = "TabbedPage1.iOS", "TabbedPage1\TabbedPage1.iOS\TabbedPage1.iOS.csproj", "{37F92B1F-0054-4EC8-B51E-7250686528F3}"
EndProject
Project("{9A19103F-16F7-4668-BE54-9A1E7A4F7556}") = "TabbedPage1", "TabbedPage1\TabbedPage1\TabbedPage1.csproj", "{684579B5-E507-4FCA-9397-3B4A1A3E9D16}"
EndProject
Project("{FAE04EC0-301F-11D3-BF4B-00C04F79EFBC}") = "UWPTestBugs", "UWPTestBugs\UWPTestBugs.csproj", "{BF04EEF6-7632-471D-B303-0A34FE11CC33}"
EndProject
Project("{9A19103F-16F7-4668-BE54-9A1E7A4F7556}") = "ClassLibrary1", "ClassLibrary1\ClassLibrary1.csproj", "{B2D250D7-1F4A-4A65-B243-5C312B94CB85}"
EndProject
Project("{FAE04EC0-301F-11D3-BF4B-00C04F79EFBC}") = "TestXFUWP.UWP", "TestXFUWP\TestXFUWP.UWP\TestXFUWP.UWP.csproj", "{C6902FE8-A971-4741-973F-CFF416544437}"
EndProject
Project("{FAE04EC0-301F-11D3-BF4B-00C04F79EFBC}") = "TestXFUWP.Android", "TestXFUWP\TestXFUWP.Android\TestXFUWP.Android.csproj", "{89C6FE09-4327-4449-8BC8-74299957C01F}"
EndProject
Project("{FAE04EC0-301F-11D3-BF4B-00C04F79EFBC}") = "TestXFUWP.iOS", "TestXFUWP\TestXFUWP.iOS\TestXFUWP.iOS.csproj", "{F1EF3B65-F35A-443B-99B4-F9EBBC3B839D}"
EndProject
Project("{9A19103F-16F7-4668-BE54-9A1E7A4F7556}") = "TestXFUWP", "TestXFUWP\TestXFUWP\TestXFUWP.csproj", "{FF03273D-12CE-4DE5-9E3E-557F39BBCCEC}"
EndProject
Project("{FAE04EC0-301F-11D3-BF4B-00C04F79EFBC}") = "XFShellApp.Android", "XFShellApp\XFShellApp.Android\XFShellApp.Android.csproj", "{A7B4AD82-37C7-4988-8DA6-32D6075318A0}"
EndProject
Project("{FAE04EC0-301F-11D3-BF4B-00C04F79EFBC}") = "XFShellApp.iOS", "XFShellApp\XFShellApp.iOS\XFShellApp.iOS.csproj", "{74355A81-B3BF-4B42-8121-FF005898FBE1}"
EndProject
Project("{9A19103F-16F7-4668-BE54-9A1E7A4F7556}") = "XFShellApp", "XFShellApp\XFShellApp\XFShellApp.csproj", "{1209B291-D5AD-421A-AE96-5BB59744F5F1}"
EndProject
Global
	GlobalSection(SolutionConfigurationPlatforms) = preSolution
		Debug|Any CPU = Debug|Any CPU
		Debug|ARM = Debug|ARM
		Debug|ARM64 = Debug|ARM64
		Debug|iPhone = Debug|iPhone
		Debug|iPhoneSimulator = Debug|iPhoneSimulator
		Debug|x64 = Debug|x64
		Debug|x86 = Debug|x86
		Release|Any CPU = Release|Any CPU
		Release|ARM = Release|ARM
		Release|ARM64 = Release|ARM64
		Release|iPhone = Release|iPhone
		Release|iPhoneSimulator = Release|iPhoneSimulator
		Release|x64 = Release|x64
		Release|x86 = Release|x86
	EndGlobalSection
	GlobalSection(ProjectConfigurationPlatforms) = postSolution
		{2A04118F-68A1-40C2-B63F-47A4FB9278E9}.Debug|Any CPU.ActiveCfg = Debug|Any CPU
		{2A04118F-68A1-40C2-B63F-47A4FB9278E9}.Debug|Any CPU.Build.0 = Debug|Any CPU
		{2A04118F-68A1-40C2-B63F-47A4FB9278E9}.Debug|Any CPU.Deploy.0 = Debug|Any CPU
		{2A04118F-68A1-40C2-B63F-47A4FB9278E9}.Debug|ARM.ActiveCfg = Debug|Any CPU
		{2A04118F-68A1-40C2-B63F-47A4FB9278E9}.Debug|ARM.Build.0 = Debug|Any CPU
		{2A04118F-68A1-40C2-B63F-47A4FB9278E9}.Debug|ARM.Deploy.0 = Debug|Any CPU
		{2A04118F-68A1-40C2-B63F-47A4FB9278E9}.Debug|ARM64.ActiveCfg = Debug|Any CPU
		{2A04118F-68A1-40C2-B63F-47A4FB9278E9}.Debug|ARM64.Build.0 = Debug|Any CPU
		{2A04118F-68A1-40C2-B63F-47A4FB9278E9}.Debug|ARM64.Deploy.0 = Debug|Any CPU
		{2A04118F-68A1-40C2-B63F-47A4FB9278E9}.Debug|iPhone.ActiveCfg = Debug|Any CPU
		{2A04118F-68A1-40C2-B63F-47A4FB9278E9}.Debug|iPhone.Build.0 = Debug|Any CPU
		{2A04118F-68A1-40C2-B63F-47A4FB9278E9}.Debug|iPhone.Deploy.0 = Debug|Any CPU
		{2A04118F-68A1-40C2-B63F-47A4FB9278E9}.Debug|iPhoneSimulator.ActiveCfg = Debug|Any CPU
		{2A04118F-68A1-40C2-B63F-47A4FB9278E9}.Debug|iPhoneSimulator.Deploy.0 = Debug|Any CPU
		{2A04118F-68A1-40C2-B63F-47A4FB9278E9}.Debug|x64.ActiveCfg = Debug|Any CPU
		{2A04118F-68A1-40C2-B63F-47A4FB9278E9}.Debug|x64.Build.0 = Debug|Any CPU
		{2A04118F-68A1-40C2-B63F-47A4FB9278E9}.Debug|x64.Deploy.0 = Debug|Any CPU
		{2A04118F-68A1-40C2-B63F-47A4FB9278E9}.Debug|x86.ActiveCfg = Debug|Any CPU
		{2A04118F-68A1-40C2-B63F-47A4FB9278E9}.Debug|x86.Build.0 = Debug|Any CPU
		{2A04118F-68A1-40C2-B63F-47A4FB9278E9}.Debug|x86.Deploy.0 = Debug|Any CPU
		{2A04118F-68A1-40C2-B63F-47A4FB9278E9}.Release|Any CPU.ActiveCfg = Release|Any CPU
		{2A04118F-68A1-40C2-B63F-47A4FB9278E9}.Release|Any CPU.Build.0 = Release|Any CPU
		{2A04118F-68A1-40C2-B63F-47A4FB9278E9}.Release|Any CPU.Deploy.0 = Release|Any CPU
		{2A04118F-68A1-40C2-B63F-47A4FB9278E9}.Release|ARM.ActiveCfg = Release|Any CPU
		{2A04118F-68A1-40C2-B63F-47A4FB9278E9}.Release|ARM.Build.0 = Release|Any CPU
		{2A04118F-68A1-40C2-B63F-47A4FB9278E9}.Release|ARM.Deploy.0 = Release|Any CPU
		{2A04118F-68A1-40C2-B63F-47A4FB9278E9}.Release|ARM64.ActiveCfg = Release|Any CPU
		{2A04118F-68A1-40C2-B63F-47A4FB9278E9}.Release|ARM64.Build.0 = Release|Any CPU
		{2A04118F-68A1-40C2-B63F-47A4FB9278E9}.Release|ARM64.Deploy.0 = Release|Any CPU
		{2A04118F-68A1-40C2-B63F-47A4FB9278E9}.Release|iPhone.ActiveCfg = Release|Any CPU
		{2A04118F-68A1-40C2-B63F-47A4FB9278E9}.Release|iPhone.Build.0 = Release|Any CPU
		{2A04118F-68A1-40C2-B63F-47A4FB9278E9}.Release|iPhone.Deploy.0 = Release|Any CPU
		{2A04118F-68A1-40C2-B63F-47A4FB9278E9}.Release|iPhoneSimulator.ActiveCfg = Release|Any CPU
		{2A04118F-68A1-40C2-B63F-47A4FB9278E9}.Release|iPhoneSimulator.Build.0 = Release|Any CPU
		{2A04118F-68A1-40C2-B63F-47A4FB9278E9}.Release|iPhoneSimulator.Deploy.0 = Release|Any CPU
		{2A04118F-68A1-40C2-B63F-47A4FB9278E9}.Release|x64.ActiveCfg = Release|Any CPU
		{2A04118F-68A1-40C2-B63F-47A4FB9278E9}.Release|x64.Build.0 = Release|Any CPU
		{2A04118F-68A1-40C2-B63F-47A4FB9278E9}.Release|x64.Deploy.0 = Release|Any CPU
		{2A04118F-68A1-40C2-B63F-47A4FB9278E9}.Release|x86.ActiveCfg = Release|Any CPU
		{2A04118F-68A1-40C2-B63F-47A4FB9278E9}.Release|x86.Build.0 = Release|Any CPU
		{2A04118F-68A1-40C2-B63F-47A4FB9278E9}.Release|x86.Deploy.0 = Release|Any CPU
		{66CA25AD-6803-4C26-A63B-3737FEA8F6A1}.Debug|Any CPU.ActiveCfg = Debug|iPhone
		{66CA25AD-6803-4C26-A63B-3737FEA8F6A1}.Debug|Any CPU.Deploy.0 = Debug|iPhone
		{66CA25AD-6803-4C26-A63B-3737FEA8F6A1}.Debug|ARM.ActiveCfg = Debug|iPhoneSimulator
		{66CA25AD-6803-4C26-A63B-3737FEA8F6A1}.Debug|ARM64.ActiveCfg = Debug|iPhoneSimulator
		{66CA25AD-6803-4C26-A63B-3737FEA8F6A1}.Debug|iPhone.ActiveCfg = Debug|iPhone
		{66CA25AD-6803-4C26-A63B-3737FEA8F6A1}.Debug|iPhone.Build.0 = Debug|iPhone
		{66CA25AD-6803-4C26-A63B-3737FEA8F6A1}.Debug|iPhone.Deploy.0 = Debug|iPhone
		{66CA25AD-6803-4C26-A63B-3737FEA8F6A1}.Debug|iPhoneSimulator.ActiveCfg = Debug|iPhoneSimulator
		{66CA25AD-6803-4C26-A63B-3737FEA8F6A1}.Debug|iPhoneSimulator.Build.0 = Debug|iPhoneSimulator
		{66CA25AD-6803-4C26-A63B-3737FEA8F6A1}.Debug|iPhoneSimulator.Deploy.0 = Debug|iPhoneSimulator
		{66CA25AD-6803-4C26-A63B-3737FEA8F6A1}.Debug|x64.ActiveCfg = Debug|iPhoneSimulator
		{66CA25AD-6803-4C26-A63B-3737FEA8F6A1}.Debug|x86.ActiveCfg = Debug|iPhoneSimulator
		{66CA25AD-6803-4C26-A63B-3737FEA8F6A1}.Release|Any CPU.ActiveCfg = Release|iPhoneSimulator
		{66CA25AD-6803-4C26-A63B-3737FEA8F6A1}.Release|Any CPU.Build.0 = Release|iPhoneSimulator
		{66CA25AD-6803-4C26-A63B-3737FEA8F6A1}.Release|Any CPU.Deploy.0 = Release|iPhoneSimulator
		{66CA25AD-6803-4C26-A63B-3737FEA8F6A1}.Release|ARM.ActiveCfg = Release|iPhone
		{66CA25AD-6803-4C26-A63B-3737FEA8F6A1}.Release|ARM64.ActiveCfg = Release|iPhone
		{66CA25AD-6803-4C26-A63B-3737FEA8F6A1}.Release|iPhone.ActiveCfg = Release|iPhone
		{66CA25AD-6803-4C26-A63B-3737FEA8F6A1}.Release|iPhone.Build.0 = Release|iPhone
		{66CA25AD-6803-4C26-A63B-3737FEA8F6A1}.Release|iPhone.Deploy.0 = Release|iPhone
		{66CA25AD-6803-4C26-A63B-3737FEA8F6A1}.Release|iPhoneSimulator.ActiveCfg = Release|iPhoneSimulator
		{66CA25AD-6803-4C26-A63B-3737FEA8F6A1}.Release|iPhoneSimulator.Build.0 = Release|iPhoneSimulator
		{66CA25AD-6803-4C26-A63B-3737FEA8F6A1}.Release|iPhoneSimulator.Deploy.0 = Release|iPhoneSimulator
		{66CA25AD-6803-4C26-A63B-3737FEA8F6A1}.Release|x64.ActiveCfg = Release|iPhone
		{66CA25AD-6803-4C26-A63B-3737FEA8F6A1}.Release|x86.ActiveCfg = Release|iPhone
		{12ED7006-AFB9-494C-A73C-588D71D88E23}.Debug|Any CPU.ActiveCfg = Debug|Any CPU
		{12ED7006-AFB9-494C-A73C-588D71D88E23}.Debug|Any CPU.Build.0 = Debug|Any CPU
		{12ED7006-AFB9-494C-A73C-588D71D88E23}.Debug|Any CPU.Deploy.0 = Debug|Any CPU
		{12ED7006-AFB9-494C-A73C-588D71D88E23}.Debug|ARM.ActiveCfg = Debug|Any CPU
		{12ED7006-AFB9-494C-A73C-588D71D88E23}.Debug|ARM.Build.0 = Debug|Any CPU
		{12ED7006-AFB9-494C-A73C-588D71D88E23}.Debug|ARM64.ActiveCfg = Debug|Any CPU
		{12ED7006-AFB9-494C-A73C-588D71D88E23}.Debug|ARM64.Build.0 = Debug|Any CPU
		{12ED7006-AFB9-494C-A73C-588D71D88E23}.Debug|iPhone.ActiveCfg = Debug|Any CPU
		{12ED7006-AFB9-494C-A73C-588D71D88E23}.Debug|iPhone.Build.0 = Debug|Any CPU
		{12ED7006-AFB9-494C-A73C-588D71D88E23}.Debug|iPhone.Deploy.0 = Debug|Any CPU
		{12ED7006-AFB9-494C-A73C-588D71D88E23}.Debug|iPhoneSimulator.ActiveCfg = Debug|Any CPU
		{12ED7006-AFB9-494C-A73C-588D71D88E23}.Debug|iPhoneSimulator.Build.0 = Debug|Any CPU
		{12ED7006-AFB9-494C-A73C-588D71D88E23}.Debug|iPhoneSimulator.Deploy.0 = Debug|Any CPU
		{12ED7006-AFB9-494C-A73C-588D71D88E23}.Debug|x64.ActiveCfg = Debug|Any CPU
		{12ED7006-AFB9-494C-A73C-588D71D88E23}.Debug|x64.Build.0 = Debug|Any CPU
		{12ED7006-AFB9-494C-A73C-588D71D88E23}.Debug|x86.ActiveCfg = Debug|Any CPU
		{12ED7006-AFB9-494C-A73C-588D71D88E23}.Debug|x86.Build.0 = Debug|Any CPU
		{12ED7006-AFB9-494C-A73C-588D71D88E23}.Release|Any CPU.ActiveCfg = Release|Any CPU
		{12ED7006-AFB9-494C-A73C-588D71D88E23}.Release|Any CPU.Build.0 = Release|Any CPU
		{12ED7006-AFB9-494C-A73C-588D71D88E23}.Release|Any CPU.Deploy.0 = Release|Any CPU
		{12ED7006-AFB9-494C-A73C-588D71D88E23}.Release|ARM.ActiveCfg = Release|Any CPU
		{12ED7006-AFB9-494C-A73C-588D71D88E23}.Release|ARM.Build.0 = Release|Any CPU
		{12ED7006-AFB9-494C-A73C-588D71D88E23}.Release|ARM64.ActiveCfg = Release|Any CPU
		{12ED7006-AFB9-494C-A73C-588D71D88E23}.Release|ARM64.Build.0 = Release|Any CPU
		{12ED7006-AFB9-494C-A73C-588D71D88E23}.Release|iPhone.ActiveCfg = Release|Any CPU
		{12ED7006-AFB9-494C-A73C-588D71D88E23}.Release|iPhone.Build.0 = Release|Any CPU
		{12ED7006-AFB9-494C-A73C-588D71D88E23}.Release|iPhone.Deploy.0 = Release|Any CPU
		{12ED7006-AFB9-494C-A73C-588D71D88E23}.Release|iPhoneSimulator.ActiveCfg = Release|Any CPU
		{12ED7006-AFB9-494C-A73C-588D71D88E23}.Release|iPhoneSimulator.Build.0 = Release|Any CPU
		{12ED7006-AFB9-494C-A73C-588D71D88E23}.Release|iPhoneSimulator.Deploy.0 = Release|Any CPU
		{12ED7006-AFB9-494C-A73C-588D71D88E23}.Release|x64.ActiveCfg = Release|Any CPU
		{12ED7006-AFB9-494C-A73C-588D71D88E23}.Release|x64.Build.0 = Release|Any CPU
		{12ED7006-AFB9-494C-A73C-588D71D88E23}.Release|x86.ActiveCfg = Release|Any CPU
		{12ED7006-AFB9-494C-A73C-588D71D88E23}.Release|x86.Build.0 = Release|Any CPU
		{FD7F17F5-4802-4384-85E4-0C1268BF660C}.Debug|Any CPU.ActiveCfg = Debug|Any CPU
		{FD7F17F5-4802-4384-85E4-0C1268BF660C}.Debug|Any CPU.Build.0 = Debug|Any CPU
		{FD7F17F5-4802-4384-85E4-0C1268BF660C}.Debug|Any CPU.Deploy.0 = Debug|Any CPU
		{FD7F17F5-4802-4384-85E4-0C1268BF660C}.Debug|ARM.ActiveCfg = Debug|Any CPU
		{FD7F17F5-4802-4384-85E4-0C1268BF660C}.Debug|ARM.Build.0 = Debug|Any CPU
		{FD7F17F5-4802-4384-85E4-0C1268BF660C}.Debug|ARM.Deploy.0 = Debug|Any CPU
		{FD7F17F5-4802-4384-85E4-0C1268BF660C}.Debug|ARM64.ActiveCfg = Debug|Any CPU
		{FD7F17F5-4802-4384-85E4-0C1268BF660C}.Debug|ARM64.Build.0 = Debug|Any CPU
		{FD7F17F5-4802-4384-85E4-0C1268BF660C}.Debug|ARM64.Deploy.0 = Debug|Any CPU
		{FD7F17F5-4802-4384-85E4-0C1268BF660C}.Debug|iPhone.ActiveCfg = Debug|Any CPU
		{FD7F17F5-4802-4384-85E4-0C1268BF660C}.Debug|iPhone.Build.0 = Debug|Any CPU
		{FD7F17F5-4802-4384-85E4-0C1268BF660C}.Debug|iPhone.Deploy.0 = Debug|Any CPU
		{FD7F17F5-4802-4384-85E4-0C1268BF660C}.Debug|iPhoneSimulator.ActiveCfg = Debug|Any CPU
		{FD7F17F5-4802-4384-85E4-0C1268BF660C}.Debug|iPhoneSimulator.Deploy.0 = Debug|Any CPU
		{FD7F17F5-4802-4384-85E4-0C1268BF660C}.Debug|x64.ActiveCfg = Debug|Any CPU
		{FD7F17F5-4802-4384-85E4-0C1268BF660C}.Debug|x64.Build.0 = Debug|Any CPU
		{FD7F17F5-4802-4384-85E4-0C1268BF660C}.Debug|x64.Deploy.0 = Debug|Any CPU
		{FD7F17F5-4802-4384-85E4-0C1268BF660C}.Debug|x86.ActiveCfg = Debug|Any CPU
		{FD7F17F5-4802-4384-85E4-0C1268BF660C}.Debug|x86.Build.0 = Debug|Any CPU
		{FD7F17F5-4802-4384-85E4-0C1268BF660C}.Debug|x86.Deploy.0 = Debug|Any CPU
		{FD7F17F5-4802-4384-85E4-0C1268BF660C}.Release|Any CPU.ActiveCfg = Release|Any CPU
		{FD7F17F5-4802-4384-85E4-0C1268BF660C}.Release|Any CPU.Build.0 = Release|Any CPU
		{FD7F17F5-4802-4384-85E4-0C1268BF660C}.Release|Any CPU.Deploy.0 = Release|Any CPU
		{FD7F17F5-4802-4384-85E4-0C1268BF660C}.Release|ARM.ActiveCfg = Release|Any CPU
		{FD7F17F5-4802-4384-85E4-0C1268BF660C}.Release|ARM.Build.0 = Release|Any CPU
		{FD7F17F5-4802-4384-85E4-0C1268BF660C}.Release|ARM.Deploy.0 = Release|Any CPU
		{FD7F17F5-4802-4384-85E4-0C1268BF660C}.Release|ARM64.ActiveCfg = Release|Any CPU
		{FD7F17F5-4802-4384-85E4-0C1268BF660C}.Release|ARM64.Build.0 = Release|Any CPU
		{FD7F17F5-4802-4384-85E4-0C1268BF660C}.Release|ARM64.Deploy.0 = Release|Any CPU
		{FD7F17F5-4802-4384-85E4-0C1268BF660C}.Release|iPhone.ActiveCfg = Release|Any CPU
		{FD7F17F5-4802-4384-85E4-0C1268BF660C}.Release|iPhone.Build.0 = Release|Any CPU
		{FD7F17F5-4802-4384-85E4-0C1268BF660C}.Release|iPhone.Deploy.0 = Release|Any CPU
		{FD7F17F5-4802-4384-85E4-0C1268BF660C}.Release|iPhoneSimulator.ActiveCfg = Release|Any CPU
		{FD7F17F5-4802-4384-85E4-0C1268BF660C}.Release|iPhoneSimulator.Build.0 = Release|Any CPU
		{FD7F17F5-4802-4384-85E4-0C1268BF660C}.Release|iPhoneSimulator.Deploy.0 = Release|Any CPU
		{FD7F17F5-4802-4384-85E4-0C1268BF660C}.Release|x64.ActiveCfg = Release|Any CPU
		{FD7F17F5-4802-4384-85E4-0C1268BF660C}.Release|x64.Build.0 = Release|Any CPU
		{FD7F17F5-4802-4384-85E4-0C1268BF660C}.Release|x64.Deploy.0 = Release|Any CPU
		{FD7F17F5-4802-4384-85E4-0C1268BF660C}.Release|x86.ActiveCfg = Release|Any CPU
		{FD7F17F5-4802-4384-85E4-0C1268BF660C}.Release|x86.Build.0 = Release|Any CPU
		{FD7F17F5-4802-4384-85E4-0C1268BF660C}.Release|x86.Deploy.0 = Release|Any CPU
		{37F92B1F-0054-4EC8-B51E-7250686528F3}.Debug|Any CPU.ActiveCfg = Debug|iPhoneSimulator
		{37F92B1F-0054-4EC8-B51E-7250686528F3}.Debug|ARM.ActiveCfg = Debug|iPhone
		{37F92B1F-0054-4EC8-B51E-7250686528F3}.Debug|ARM64.ActiveCfg = Debug|iPhone
		{37F92B1F-0054-4EC8-B51E-7250686528F3}.Debug|iPhone.ActiveCfg = Debug|iPhone
		{37F92B1F-0054-4EC8-B51E-7250686528F3}.Debug|iPhone.Build.0 = Debug|iPhone
		{37F92B1F-0054-4EC8-B51E-7250686528F3}.Debug|iPhoneSimulator.ActiveCfg = Debug|iPhoneSimulator
		{37F92B1F-0054-4EC8-B51E-7250686528F3}.Debug|x64.ActiveCfg = Debug|iPhone
		{37F92B1F-0054-4EC8-B51E-7250686528F3}.Debug|x86.ActiveCfg = Debug|iPhone
		{37F92B1F-0054-4EC8-B51E-7250686528F3}.Release|Any CPU.ActiveCfg = Release|iPhoneSimulator
		{37F92B1F-0054-4EC8-B51E-7250686528F3}.Release|ARM.ActiveCfg = Release|iPhone
		{37F92B1F-0054-4EC8-B51E-7250686528F3}.Release|ARM64.ActiveCfg = Release|iPhone
		{37F92B1F-0054-4EC8-B51E-7250686528F3}.Release|iPhone.ActiveCfg = Release|iPhone
		{37F92B1F-0054-4EC8-B51E-7250686528F3}.Release|iPhone.Build.0 = Release|iPhone
		{37F92B1F-0054-4EC8-B51E-7250686528F3}.Release|iPhoneSimulator.ActiveCfg = Release|iPhoneSimulator
		{37F92B1F-0054-4EC8-B51E-7250686528F3}.Release|iPhoneSimulator.Build.0 = Release|iPhoneSimulator
		{37F92B1F-0054-4EC8-B51E-7250686528F3}.Release|x64.ActiveCfg = Release|iPhone
		{37F92B1F-0054-4EC8-B51E-7250686528F3}.Release|x86.ActiveCfg = Release|iPhone
		{684579B5-E507-4FCA-9397-3B4A1A3E9D16}.Debug|Any CPU.ActiveCfg = Debug|Any CPU
		{684579B5-E507-4FCA-9397-3B4A1A3E9D16}.Debug|Any CPU.Build.0 = Debug|Any CPU
		{684579B5-E507-4FCA-9397-3B4A1A3E9D16}.Debug|ARM.ActiveCfg = Debug|Any CPU
		{684579B5-E507-4FCA-9397-3B4A1A3E9D16}.Debug|ARM.Build.0 = Debug|Any CPU
		{684579B5-E507-4FCA-9397-3B4A1A3E9D16}.Debug|ARM64.ActiveCfg = Debug|Any CPU
		{684579B5-E507-4FCA-9397-3B4A1A3E9D16}.Debug|ARM64.Build.0 = Debug|Any CPU
		{684579B5-E507-4FCA-9397-3B4A1A3E9D16}.Debug|iPhone.ActiveCfg = Debug|Any CPU
		{684579B5-E507-4FCA-9397-3B4A1A3E9D16}.Debug|iPhone.Build.0 = Debug|Any CPU
		{684579B5-E507-4FCA-9397-3B4A1A3E9D16}.Debug|iPhoneSimulator.ActiveCfg = Debug|Any CPU
		{684579B5-E507-4FCA-9397-3B4A1A3E9D16}.Debug|x64.ActiveCfg = Debug|Any CPU
		{684579B5-E507-4FCA-9397-3B4A1A3E9D16}.Debug|x64.Build.0 = Debug|Any CPU
		{684579B5-E507-4FCA-9397-3B4A1A3E9D16}.Debug|x86.ActiveCfg = Debug|Any CPU
		{684579B5-E507-4FCA-9397-3B4A1A3E9D16}.Debug|x86.Build.0 = Debug|Any CPU
		{684579B5-E507-4FCA-9397-3B4A1A3E9D16}.Release|Any CPU.ActiveCfg = Release|Any CPU
		{684579B5-E507-4FCA-9397-3B4A1A3E9D16}.Release|Any CPU.Build.0 = Release|Any CPU
		{684579B5-E507-4FCA-9397-3B4A1A3E9D16}.Release|ARM.ActiveCfg = Release|Any CPU
		{684579B5-E507-4FCA-9397-3B4A1A3E9D16}.Release|ARM.Build.0 = Release|Any CPU
		{684579B5-E507-4FCA-9397-3B4A1A3E9D16}.Release|ARM64.ActiveCfg = Release|Any CPU
		{684579B5-E507-4FCA-9397-3B4A1A3E9D16}.Release|ARM64.Build.0 = Release|Any CPU
		{684579B5-E507-4FCA-9397-3B4A1A3E9D16}.Release|iPhone.ActiveCfg = Release|Any CPU
		{684579B5-E507-4FCA-9397-3B4A1A3E9D16}.Release|iPhone.Build.0 = Release|Any CPU
		{684579B5-E507-4FCA-9397-3B4A1A3E9D16}.Release|iPhoneSimulator.ActiveCfg = Release|Any CPU
		{684579B5-E507-4FCA-9397-3B4A1A3E9D16}.Release|iPhoneSimulator.Build.0 = Release|Any CPU
		{684579B5-E507-4FCA-9397-3B4A1A3E9D16}.Release|x64.ActiveCfg = Release|Any CPU
		{684579B5-E507-4FCA-9397-3B4A1A3E9D16}.Release|x64.Build.0 = Release|Any CPU
		{684579B5-E507-4FCA-9397-3B4A1A3E9D16}.Release|x86.ActiveCfg = Release|Any CPU
		{684579B5-E507-4FCA-9397-3B4A1A3E9D16}.Release|x86.Build.0 = Release|Any CPU
		{BF04EEF6-7632-471D-B303-0A34FE11CC33}.Debug|Any CPU.ActiveCfg = Debug|x86
		{BF04EEF6-7632-471D-B303-0A34FE11CC33}.Debug|ARM.ActiveCfg = Debug|ARM
		{BF04EEF6-7632-471D-B303-0A34FE11CC33}.Debug|ARM.Build.0 = Debug|ARM
		{BF04EEF6-7632-471D-B303-0A34FE11CC33}.Debug|ARM.Deploy.0 = Debug|ARM
		{BF04EEF6-7632-471D-B303-0A34FE11CC33}.Debug|ARM64.ActiveCfg = Debug|ARM64
		{BF04EEF6-7632-471D-B303-0A34FE11CC33}.Debug|ARM64.Build.0 = Debug|ARM64
		{BF04EEF6-7632-471D-B303-0A34FE11CC33}.Debug|ARM64.Deploy.0 = Debug|ARM64
		{BF04EEF6-7632-471D-B303-0A34FE11CC33}.Debug|iPhone.ActiveCfg = Debug|x86
		{BF04EEF6-7632-471D-B303-0A34FE11CC33}.Debug|iPhoneSimulator.ActiveCfg = Debug|x86
		{BF04EEF6-7632-471D-B303-0A34FE11CC33}.Debug|x64.ActiveCfg = Debug|x64
		{BF04EEF6-7632-471D-B303-0A34FE11CC33}.Debug|x64.Build.0 = Debug|x64
		{BF04EEF6-7632-471D-B303-0A34FE11CC33}.Debug|x64.Deploy.0 = Debug|x64
		{BF04EEF6-7632-471D-B303-0A34FE11CC33}.Debug|x86.ActiveCfg = Debug|x86
		{BF04EEF6-7632-471D-B303-0A34FE11CC33}.Debug|x86.Build.0 = Debug|x86
		{BF04EEF6-7632-471D-B303-0A34FE11CC33}.Debug|x86.Deploy.0 = Debug|x86
		{BF04EEF6-7632-471D-B303-0A34FE11CC33}.Release|Any CPU.ActiveCfg = Release|x86
		{BF04EEF6-7632-471D-B303-0A34FE11CC33}.Release|ARM.ActiveCfg = Release|ARM
		{BF04EEF6-7632-471D-B303-0A34FE11CC33}.Release|ARM.Build.0 = Release|ARM
		{BF04EEF6-7632-471D-B303-0A34FE11CC33}.Release|ARM.Deploy.0 = Release|ARM
		{BF04EEF6-7632-471D-B303-0A34FE11CC33}.Release|ARM64.ActiveCfg = Release|ARM64
		{BF04EEF6-7632-471D-B303-0A34FE11CC33}.Release|ARM64.Build.0 = Release|ARM64
		{BF04EEF6-7632-471D-B303-0A34FE11CC33}.Release|ARM64.Deploy.0 = Release|ARM64
		{BF04EEF6-7632-471D-B303-0A34FE11CC33}.Release|iPhone.ActiveCfg = Release|x86
		{BF04EEF6-7632-471D-B303-0A34FE11CC33}.Release|iPhoneSimulator.ActiveCfg = Release|x86
		{BF04EEF6-7632-471D-B303-0A34FE11CC33}.Release|x64.ActiveCfg = Release|x64
		{BF04EEF6-7632-471D-B303-0A34FE11CC33}.Release|x64.Build.0 = Release|x64
		{BF04EEF6-7632-471D-B303-0A34FE11CC33}.Release|x64.Deploy.0 = Release|x64
		{BF04EEF6-7632-471D-B303-0A34FE11CC33}.Release|x86.ActiveCfg = Release|x86
		{BF04EEF6-7632-471D-B303-0A34FE11CC33}.Release|x86.Build.0 = Release|x86
		{BF04EEF6-7632-471D-B303-0A34FE11CC33}.Release|x86.Deploy.0 = Release|x86
		{B2D250D7-1F4A-4A65-B243-5C312B94CB85}.Debug|Any CPU.ActiveCfg = Debug|Any CPU
		{B2D250D7-1F4A-4A65-B243-5C312B94CB85}.Debug|ARM.ActiveCfg = Debug|Any CPU
		{B2D250D7-1F4A-4A65-B243-5C312B94CB85}.Debug|ARM.Build.0 = Debug|Any CPU
		{B2D250D7-1F4A-4A65-B243-5C312B94CB85}.Debug|ARM64.ActiveCfg = Debug|Any CPU
		{B2D250D7-1F4A-4A65-B243-5C312B94CB85}.Debug|ARM64.Build.0 = Debug|Any CPU
		{B2D250D7-1F4A-4A65-B243-5C312B94CB85}.Debug|iPhone.ActiveCfg = Debug|Any CPU
		{B2D250D7-1F4A-4A65-B243-5C312B94CB85}.Debug|iPhone.Build.0 = Debug|Any CPU
		{B2D250D7-1F4A-4A65-B243-5C312B94CB85}.Debug|iPhoneSimulator.ActiveCfg = Debug|Any CPU
		{B2D250D7-1F4A-4A65-B243-5C312B94CB85}.Debug|x64.ActiveCfg = Debug|Any CPU
		{B2D250D7-1F4A-4A65-B243-5C312B94CB85}.Debug|x64.Build.0 = Debug|Any CPU
		{B2D250D7-1F4A-4A65-B243-5C312B94CB85}.Debug|x86.ActiveCfg = Debug|Any CPU
		{B2D250D7-1F4A-4A65-B243-5C312B94CB85}.Debug|x86.Build.0 = Debug|Any CPU
		{B2D250D7-1F4A-4A65-B243-5C312B94CB85}.Release|Any CPU.ActiveCfg = Release|Any CPU
		{B2D250D7-1F4A-4A65-B243-5C312B94CB85}.Release|Any CPU.Build.0 = Release|Any CPU
		{B2D250D7-1F4A-4A65-B243-5C312B94CB85}.Release|ARM.ActiveCfg = Release|Any CPU
		{B2D250D7-1F4A-4A65-B243-5C312B94CB85}.Release|ARM.Build.0 = Release|Any CPU
		{B2D250D7-1F4A-4A65-B243-5C312B94CB85}.Release|ARM64.ActiveCfg = Release|Any CPU
		{B2D250D7-1F4A-4A65-B243-5C312B94CB85}.Release|ARM64.Build.0 = Release|Any CPU
		{B2D250D7-1F4A-4A65-B243-5C312B94CB85}.Release|iPhone.ActiveCfg = Release|Any CPU
		{B2D250D7-1F4A-4A65-B243-5C312B94CB85}.Release|iPhone.Build.0 = Release|Any CPU
		{B2D250D7-1F4A-4A65-B243-5C312B94CB85}.Release|iPhoneSimulator.ActiveCfg = Release|Any CPU
		{B2D250D7-1F4A-4A65-B243-5C312B94CB85}.Release|iPhoneSimulator.Build.0 = Release|Any CPU
		{B2D250D7-1F4A-4A65-B243-5C312B94CB85}.Release|x64.ActiveCfg = Release|Any CPU
		{B2D250D7-1F4A-4A65-B243-5C312B94CB85}.Release|x64.Build.0 = Release|Any CPU
		{B2D250D7-1F4A-4A65-B243-5C312B94CB85}.Release|x86.ActiveCfg = Release|Any CPU
		{B2D250D7-1F4A-4A65-B243-5C312B94CB85}.Release|x86.Build.0 = Release|Any CPU
		{C6902FE8-A971-4741-973F-CFF416544437}.Debug|Any CPU.ActiveCfg = Debug|x86
		{C6902FE8-A971-4741-973F-CFF416544437}.Debug|Any CPU.Build.0 = Debug|x86
		{C6902FE8-A971-4741-973F-CFF416544437}.Debug|Any CPU.Deploy.0 = Debug|x86
		{C6902FE8-A971-4741-973F-CFF416544437}.Debug|ARM.ActiveCfg = Debug|ARM
		{C6902FE8-A971-4741-973F-CFF416544437}.Debug|ARM.Build.0 = Debug|ARM
		{C6902FE8-A971-4741-973F-CFF416544437}.Debug|ARM.Deploy.0 = Debug|ARM
		{C6902FE8-A971-4741-973F-CFF416544437}.Debug|ARM64.ActiveCfg = Debug|x86
		{C6902FE8-A971-4741-973F-CFF416544437}.Debug|iPhone.ActiveCfg = Debug|x86
		{C6902FE8-A971-4741-973F-CFF416544437}.Debug|iPhoneSimulator.ActiveCfg = Debug|x86
		{C6902FE8-A971-4741-973F-CFF416544437}.Debug|x64.ActiveCfg = Debug|x64
		{C6902FE8-A971-4741-973F-CFF416544437}.Debug|x64.Build.0 = Debug|x64
		{C6902FE8-A971-4741-973F-CFF416544437}.Debug|x64.Deploy.0 = Debug|x64
		{C6902FE8-A971-4741-973F-CFF416544437}.Debug|x86.ActiveCfg = Debug|x86
		{C6902FE8-A971-4741-973F-CFF416544437}.Debug|x86.Build.0 = Debug|x86
		{C6902FE8-A971-4741-973F-CFF416544437}.Debug|x86.Deploy.0 = Debug|x86
		{C6902FE8-A971-4741-973F-CFF416544437}.Release|Any CPU.ActiveCfg = Release|x86
		{C6902FE8-A971-4741-973F-CFF416544437}.Release|ARM.ActiveCfg = Release|ARM
		{C6902FE8-A971-4741-973F-CFF416544437}.Release|ARM.Build.0 = Release|ARM
		{C6902FE8-A971-4741-973F-CFF416544437}.Release|ARM.Deploy.0 = Release|ARM
		{C6902FE8-A971-4741-973F-CFF416544437}.Release|ARM64.ActiveCfg = Release|x86
		{C6902FE8-A971-4741-973F-CFF416544437}.Release|iPhone.ActiveCfg = Release|x86
		{C6902FE8-A971-4741-973F-CFF416544437}.Release|iPhoneSimulator.ActiveCfg = Release|x86
		{C6902FE8-A971-4741-973F-CFF416544437}.Release|x64.ActiveCfg = Release|x64
		{C6902FE8-A971-4741-973F-CFF416544437}.Release|x64.Build.0 = Release|x64
		{C6902FE8-A971-4741-973F-CFF416544437}.Release|x64.Deploy.0 = Release|x64
		{C6902FE8-A971-4741-973F-CFF416544437}.Release|x86.ActiveCfg = Release|x86
		{C6902FE8-A971-4741-973F-CFF416544437}.Release|x86.Build.0 = Release|x86
		{C6902FE8-A971-4741-973F-CFF416544437}.Release|x86.Deploy.0 = Release|x86
		{89C6FE09-4327-4449-8BC8-74299957C01F}.Debug|Any CPU.ActiveCfg = Debug|Any CPU
		{89C6FE09-4327-4449-8BC8-74299957C01F}.Debug|Any CPU.Build.0 = Debug|Any CPU
		{89C6FE09-4327-4449-8BC8-74299957C01F}.Debug|Any CPU.Deploy.0 = Debug|Any CPU
		{89C6FE09-4327-4449-8BC8-74299957C01F}.Debug|ARM.ActiveCfg = Debug|Any CPU
		{89C6FE09-4327-4449-8BC8-74299957C01F}.Debug|ARM.Build.0 = Debug|Any CPU
		{89C6FE09-4327-4449-8BC8-74299957C01F}.Debug|ARM.Deploy.0 = Debug|Any CPU
		{89C6FE09-4327-4449-8BC8-74299957C01F}.Debug|ARM64.ActiveCfg = Debug|Any CPU
		{89C6FE09-4327-4449-8BC8-74299957C01F}.Debug|ARM64.Build.0 = Debug|Any CPU
		{89C6FE09-4327-4449-8BC8-74299957C01F}.Debug|ARM64.Deploy.0 = Debug|Any CPU
		{89C6FE09-4327-4449-8BC8-74299957C01F}.Debug|iPhone.ActiveCfg = Debug|Any CPU
		{89C6FE09-4327-4449-8BC8-74299957C01F}.Debug|iPhone.Build.0 = Debug|Any CPU
		{89C6FE09-4327-4449-8BC8-74299957C01F}.Debug|iPhone.Deploy.0 = Debug|Any CPU
		{89C6FE09-4327-4449-8BC8-74299957C01F}.Debug|iPhoneSimulator.ActiveCfg = Debug|Any CPU
		{89C6FE09-4327-4449-8BC8-74299957C01F}.Debug|iPhoneSimulator.Deploy.0 = Debug|Any CPU
		{89C6FE09-4327-4449-8BC8-74299957C01F}.Debug|x64.ActiveCfg = Debug|Any CPU
		{89C6FE09-4327-4449-8BC8-74299957C01F}.Debug|x64.Build.0 = Debug|Any CPU
		{89C6FE09-4327-4449-8BC8-74299957C01F}.Debug|x64.Deploy.0 = Debug|Any CPU
		{89C6FE09-4327-4449-8BC8-74299957C01F}.Debug|x86.ActiveCfg = Debug|Any CPU
		{89C6FE09-4327-4449-8BC8-74299957C01F}.Debug|x86.Build.0 = Debug|Any CPU
		{89C6FE09-4327-4449-8BC8-74299957C01F}.Debug|x86.Deploy.0 = Debug|Any CPU
		{89C6FE09-4327-4449-8BC8-74299957C01F}.Release|Any CPU.ActiveCfg = Release|Any CPU
		{89C6FE09-4327-4449-8BC8-74299957C01F}.Release|Any CPU.Build.0 = Release|Any CPU
		{89C6FE09-4327-4449-8BC8-74299957C01F}.Release|Any CPU.Deploy.0 = Release|Any CPU
		{89C6FE09-4327-4449-8BC8-74299957C01F}.Release|ARM.ActiveCfg = Release|Any CPU
		{89C6FE09-4327-4449-8BC8-74299957C01F}.Release|ARM.Build.0 = Release|Any CPU
		{89C6FE09-4327-4449-8BC8-74299957C01F}.Release|ARM.Deploy.0 = Release|Any CPU
		{89C6FE09-4327-4449-8BC8-74299957C01F}.Release|ARM64.ActiveCfg = Release|Any CPU
		{89C6FE09-4327-4449-8BC8-74299957C01F}.Release|ARM64.Build.0 = Release|Any CPU
		{89C6FE09-4327-4449-8BC8-74299957C01F}.Release|ARM64.Deploy.0 = Release|Any CPU
		{89C6FE09-4327-4449-8BC8-74299957C01F}.Release|iPhone.ActiveCfg = Release|Any CPU
		{89C6FE09-4327-4449-8BC8-74299957C01F}.Release|iPhone.Build.0 = Release|Any CPU
		{89C6FE09-4327-4449-8BC8-74299957C01F}.Release|iPhone.Deploy.0 = Release|Any CPU
		{89C6FE09-4327-4449-8BC8-74299957C01F}.Release|iPhoneSimulator.ActiveCfg = Release|Any CPU
		{89C6FE09-4327-4449-8BC8-74299957C01F}.Release|iPhoneSimulator.Build.0 = Release|Any CPU
		{89C6FE09-4327-4449-8BC8-74299957C01F}.Release|iPhoneSimulator.Deploy.0 = Release|Any CPU
		{89C6FE09-4327-4449-8BC8-74299957C01F}.Release|x64.ActiveCfg = Release|Any CPU
		{89C6FE09-4327-4449-8BC8-74299957C01F}.Release|x64.Build.0 = Release|Any CPU
		{89C6FE09-4327-4449-8BC8-74299957C01F}.Release|x64.Deploy.0 = Release|Any CPU
		{89C6FE09-4327-4449-8BC8-74299957C01F}.Release|x86.ActiveCfg = Release|Any CPU
		{89C6FE09-4327-4449-8BC8-74299957C01F}.Release|x86.Build.0 = Release|Any CPU
		{89C6FE09-4327-4449-8BC8-74299957C01F}.Release|x86.Deploy.0 = Release|Any CPU
		{F1EF3B65-F35A-443B-99B4-F9EBBC3B839D}.Debug|Any CPU.ActiveCfg = Debug|iPhoneSimulator
		{F1EF3B65-F35A-443B-99B4-F9EBBC3B839D}.Debug|ARM.ActiveCfg = Debug|iPhoneSimulator
		{F1EF3B65-F35A-443B-99B4-F9EBBC3B839D}.Debug|ARM64.ActiveCfg = Debug|iPhoneSimulator
		{F1EF3B65-F35A-443B-99B4-F9EBBC3B839D}.Debug|iPhone.ActiveCfg = Debug|iPhone
		{F1EF3B65-F35A-443B-99B4-F9EBBC3B839D}.Debug|iPhone.Build.0 = Debug|iPhone
		{F1EF3B65-F35A-443B-99B4-F9EBBC3B839D}.Debug|iPhoneSimulator.ActiveCfg = Debug|iPhoneSimulator
		{F1EF3B65-F35A-443B-99B4-F9EBBC3B839D}.Debug|x64.ActiveCfg = Debug|iPhoneSimulator
		{F1EF3B65-F35A-443B-99B4-F9EBBC3B839D}.Debug|x86.ActiveCfg = Debug|iPhoneSimulator
		{F1EF3B65-F35A-443B-99B4-F9EBBC3B839D}.Release|Any CPU.ActiveCfg = Release|iPhoneSimulator
		{F1EF3B65-F35A-443B-99B4-F9EBBC3B839D}.Release|ARM.ActiveCfg = Release|iPhoneSimulator
		{F1EF3B65-F35A-443B-99B4-F9EBBC3B839D}.Release|ARM64.ActiveCfg = Release|iPhoneSimulator
		{F1EF3B65-F35A-443B-99B4-F9EBBC3B839D}.Release|iPhone.ActiveCfg = Release|iPhone
		{F1EF3B65-F35A-443B-99B4-F9EBBC3B839D}.Release|iPhone.Build.0 = Release|iPhone
		{F1EF3B65-F35A-443B-99B4-F9EBBC3B839D}.Release|iPhoneSimulator.ActiveCfg = Release|iPhoneSimulator
		{F1EF3B65-F35A-443B-99B4-F9EBBC3B839D}.Release|iPhoneSimulator.Build.0 = Release|iPhoneSimulator
		{F1EF3B65-F35A-443B-99B4-F9EBBC3B839D}.Release|x64.ActiveCfg = Release|iPhoneSimulator
		{F1EF3B65-F35A-443B-99B4-F9EBBC3B839D}.Release|x86.ActiveCfg = Release|iPhoneSimulator
		{FF03273D-12CE-4DE5-9E3E-557F39BBCCEC}.Debug|Any CPU.ActiveCfg = Debug|Any CPU
		{FF03273D-12CE-4DE5-9E3E-557F39BBCCEC}.Debug|Any CPU.Build.0 = Debug|Any CPU
		{FF03273D-12CE-4DE5-9E3E-557F39BBCCEC}.Debug|ARM.ActiveCfg = Debug|Any CPU
		{FF03273D-12CE-4DE5-9E3E-557F39BBCCEC}.Debug|ARM.Build.0 = Debug|Any CPU
		{FF03273D-12CE-4DE5-9E3E-557F39BBCCEC}.Debug|ARM64.ActiveCfg = Debug|Any CPU
		{FF03273D-12CE-4DE5-9E3E-557F39BBCCEC}.Debug|ARM64.Build.0 = Debug|Any CPU
		{FF03273D-12CE-4DE5-9E3E-557F39BBCCEC}.Debug|iPhone.ActiveCfg = Debug|Any CPU
		{FF03273D-12CE-4DE5-9E3E-557F39BBCCEC}.Debug|iPhone.Build.0 = Debug|Any CPU
		{FF03273D-12CE-4DE5-9E3E-557F39BBCCEC}.Debug|iPhoneSimulator.ActiveCfg = Debug|Any CPU
		{FF03273D-12CE-4DE5-9E3E-557F39BBCCEC}.Debug|x64.ActiveCfg = Debug|Any CPU
		{FF03273D-12CE-4DE5-9E3E-557F39BBCCEC}.Debug|x64.Build.0 = Debug|Any CPU
		{FF03273D-12CE-4DE5-9E3E-557F39BBCCEC}.Debug|x86.ActiveCfg = Debug|Any CPU
		{FF03273D-12CE-4DE5-9E3E-557F39BBCCEC}.Debug|x86.Build.0 = Debug|Any CPU
		{FF03273D-12CE-4DE5-9E3E-557F39BBCCEC}.Release|Any CPU.ActiveCfg = Release|Any CPU
		{FF03273D-12CE-4DE5-9E3E-557F39BBCCEC}.Release|Any CPU.Build.0 = Release|Any CPU
		{FF03273D-12CE-4DE5-9E3E-557F39BBCCEC}.Release|ARM.ActiveCfg = Release|Any CPU
		{FF03273D-12CE-4DE5-9E3E-557F39BBCCEC}.Release|ARM.Build.0 = Release|Any CPU
		{FF03273D-12CE-4DE5-9E3E-557F39BBCCEC}.Release|ARM64.ActiveCfg = Release|Any CPU
		{FF03273D-12CE-4DE5-9E3E-557F39BBCCEC}.Release|ARM64.Build.0 = Release|Any CPU
		{FF03273D-12CE-4DE5-9E3E-557F39BBCCEC}.Release|iPhone.ActiveCfg = Release|Any CPU
		{FF03273D-12CE-4DE5-9E3E-557F39BBCCEC}.Release|iPhone.Build.0 = Release|Any CPU
		{FF03273D-12CE-4DE5-9E3E-557F39BBCCEC}.Release|iPhoneSimulator.ActiveCfg = Release|Any CPU
		{FF03273D-12CE-4DE5-9E3E-557F39BBCCEC}.Release|iPhoneSimulator.Build.0 = Release|Any CPU
		{FF03273D-12CE-4DE5-9E3E-557F39BBCCEC}.Release|x64.ActiveCfg = Release|Any CPU
		{FF03273D-12CE-4DE5-9E3E-557F39BBCCEC}.Release|x64.Build.0 = Release|Any CPU
		{FF03273D-12CE-4DE5-9E3E-557F39BBCCEC}.Release|x86.ActiveCfg = Release|Any CPU
		{FF03273D-12CE-4DE5-9E3E-557F39BBCCEC}.Release|x86.Build.0 = Release|Any CPU
		{A7B4AD82-37C7-4988-8DA6-32D6075318A0}.Debug|Any CPU.ActiveCfg = Debug|Any CPU
		{A7B4AD82-37C7-4988-8DA6-32D6075318A0}.Debug|Any CPU.Build.0 = Debug|Any CPU
		{A7B4AD82-37C7-4988-8DA6-32D6075318A0}.Debug|Any CPU.Deploy.0 = Debug|Any CPU
		{A7B4AD82-37C7-4988-8DA6-32D6075318A0}.Debug|ARM.ActiveCfg = Debug|Any CPU
		{A7B4AD82-37C7-4988-8DA6-32D6075318A0}.Debug|ARM.Build.0 = Debug|Any CPU
		{A7B4AD82-37C7-4988-8DA6-32D6075318A0}.Debug|ARM.Deploy.0 = Debug|Any CPU
		{A7B4AD82-37C7-4988-8DA6-32D6075318A0}.Debug|ARM64.ActiveCfg = Debug|Any CPU
		{A7B4AD82-37C7-4988-8DA6-32D6075318A0}.Debug|ARM64.Build.0 = Debug|Any CPU
		{A7B4AD82-37C7-4988-8DA6-32D6075318A0}.Debug|ARM64.Deploy.0 = Debug|Any CPU
		{A7B4AD82-37C7-4988-8DA6-32D6075318A0}.Debug|iPhone.ActiveCfg = Debug|Any CPU
		{A7B4AD82-37C7-4988-8DA6-32D6075318A0}.Debug|iPhone.Build.0 = Debug|Any CPU
		{A7B4AD82-37C7-4988-8DA6-32D6075318A0}.Debug|iPhone.Deploy.0 = Debug|Any CPU
		{A7B4AD82-37C7-4988-8DA6-32D6075318A0}.Debug|iPhoneSimulator.ActiveCfg = Debug|Any CPU
		{A7B4AD82-37C7-4988-8DA6-32D6075318A0}.Debug|iPhoneSimulator.Build.0 = Debug|Any CPU
		{A7B4AD82-37C7-4988-8DA6-32D6075318A0}.Debug|iPhoneSimulator.Deploy.0 = Debug|Any CPU
		{A7B4AD82-37C7-4988-8DA6-32D6075318A0}.Debug|x64.ActiveCfg = Debug|Any CPU
		{A7B4AD82-37C7-4988-8DA6-32D6075318A0}.Debug|x64.Build.0 = Debug|Any CPU
		{A7B4AD82-37C7-4988-8DA6-32D6075318A0}.Debug|x64.Deploy.0 = Debug|Any CPU
		{A7B4AD82-37C7-4988-8DA6-32D6075318A0}.Debug|x86.ActiveCfg = Debug|Any CPU
		{A7B4AD82-37C7-4988-8DA6-32D6075318A0}.Debug|x86.Build.0 = Debug|Any CPU
		{A7B4AD82-37C7-4988-8DA6-32D6075318A0}.Debug|x86.Deploy.0 = Debug|Any CPU
		{A7B4AD82-37C7-4988-8DA6-32D6075318A0}.Release|Any CPU.ActiveCfg = Release|Any CPU
		{A7B4AD82-37C7-4988-8DA6-32D6075318A0}.Release|Any CPU.Build.0 = Release|Any CPU
		{A7B4AD82-37C7-4988-8DA6-32D6075318A0}.Release|Any CPU.Deploy.0 = Release|Any CPU
		{A7B4AD82-37C7-4988-8DA6-32D6075318A0}.Release|ARM.ActiveCfg = Release|Any CPU
		{A7B4AD82-37C7-4988-8DA6-32D6075318A0}.Release|ARM.Build.0 = Release|Any CPU
		{A7B4AD82-37C7-4988-8DA6-32D6075318A0}.Release|ARM.Deploy.0 = Release|Any CPU
		{A7B4AD82-37C7-4988-8DA6-32D6075318A0}.Release|ARM64.ActiveCfg = Release|Any CPU
		{A7B4AD82-37C7-4988-8DA6-32D6075318A0}.Release|ARM64.Build.0 = Release|Any CPU
		{A7B4AD82-37C7-4988-8DA6-32D6075318A0}.Release|ARM64.Deploy.0 = Release|Any CPU
		{A7B4AD82-37C7-4988-8DA6-32D6075318A0}.Release|iPhone.ActiveCfg = Release|Any CPU
		{A7B4AD82-37C7-4988-8DA6-32D6075318A0}.Release|iPhone.Build.0 = Release|Any CPU
		{A7B4AD82-37C7-4988-8DA6-32D6075318A0}.Release|iPhone.Deploy.0 = Release|Any CPU
		{A7B4AD82-37C7-4988-8DA6-32D6075318A0}.Release|iPhoneSimulator.ActiveCfg = Release|Any CPU
		{A7B4AD82-37C7-4988-8DA6-32D6075318A0}.Release|iPhoneSimulator.Build.0 = Release|Any CPU
		{A7B4AD82-37C7-4988-8DA6-32D6075318A0}.Release|iPhoneSimulator.Deploy.0 = Release|Any CPU
		{A7B4AD82-37C7-4988-8DA6-32D6075318A0}.Release|x64.ActiveCfg = Release|Any CPU
		{A7B4AD82-37C7-4988-8DA6-32D6075318A0}.Release|x64.Build.0 = Release|Any CPU
		{A7B4AD82-37C7-4988-8DA6-32D6075318A0}.Release|x64.Deploy.0 = Release|Any CPU
		{A7B4AD82-37C7-4988-8DA6-32D6075318A0}.Release|x86.ActiveCfg = Release|Any CPU
		{A7B4AD82-37C7-4988-8DA6-32D6075318A0}.Release|x86.Build.0 = Release|Any CPU
		{A7B4AD82-37C7-4988-8DA6-32D6075318A0}.Release|x86.Deploy.0 = Release|Any CPU
		{74355A81-B3BF-4B42-8121-FF005898FBE1}.Debug|Any CPU.ActiveCfg = Debug|iPhoneSimulator
		{74355A81-B3BF-4B42-8121-FF005898FBE1}.Debug|ARM.ActiveCfg = Debug|iPhoneSimulator
		{74355A81-B3BF-4B42-8121-FF005898FBE1}.Debug|ARM64.ActiveCfg = Debug|iPhoneSimulator
		{74355A81-B3BF-4B42-8121-FF005898FBE1}.Debug|iPhone.ActiveCfg = Debug|iPhone
		{74355A81-B3BF-4B42-8121-FF005898FBE1}.Debug|iPhone.Build.0 = Debug|iPhone
		{74355A81-B3BF-4B42-8121-FF005898FBE1}.Debug|iPhoneSimulator.ActiveCfg = Debug|iPhoneSimulator
		{74355A81-B3BF-4B42-8121-FF005898FBE1}.Debug|iPhoneSimulator.Build.0 = Debug|iPhoneSimulator
		{74355A81-B3BF-4B42-8121-FF005898FBE1}.Debug|x64.ActiveCfg = Debug|iPhoneSimulator
		{74355A81-B3BF-4B42-8121-FF005898FBE1}.Debug|x86.ActiveCfg = Debug|iPhoneSimulator
		{74355A81-B3BF-4B42-8121-FF005898FBE1}.Release|Any CPU.ActiveCfg = Release|iPhoneSimulator
		{74355A81-B3BF-4B42-8121-FF005898FBE1}.Release|ARM.ActiveCfg = Release|iPhoneSimulator
		{74355A81-B3BF-4B42-8121-FF005898FBE1}.Release|ARM64.ActiveCfg = Release|iPhoneSimulator
		{74355A81-B3BF-4B42-8121-FF005898FBE1}.Release|iPhone.ActiveCfg = Release|iPhone
		{74355A81-B3BF-4B42-8121-FF005898FBE1}.Release|iPhone.Build.0 = Release|iPhone
		{74355A81-B3BF-4B42-8121-FF005898FBE1}.Release|iPhoneSimulator.ActiveCfg = Release|iPhoneSimulator
		{74355A81-B3BF-4B42-8121-FF005898FBE1}.Release|iPhoneSimulator.Build.0 = Release|iPhoneSimulator
		{74355A81-B3BF-4B42-8121-FF005898FBE1}.Release|x64.ActiveCfg = Release|iPhoneSimulator
		{74355A81-B3BF-4B42-8121-FF005898FBE1}.Release|x86.ActiveCfg = Release|iPhoneSimulator
		{1209B291-D5AD-421A-AE96-5BB59744F5F1}.Debug|Any CPU.ActiveCfg = Debug|Any CPU
		{1209B291-D5AD-421A-AE96-5BB59744F5F1}.Debug|Any CPU.Build.0 = Debug|Any CPU
		{1209B291-D5AD-421A-AE96-5BB59744F5F1}.Debug|ARM.ActiveCfg = Debug|Any CPU
		{1209B291-D5AD-421A-AE96-5BB59744F5F1}.Debug|ARM.Build.0 = Debug|Any CPU
		{1209B291-D5AD-421A-AE96-5BB59744F5F1}.Debug|ARM64.ActiveCfg = Debug|Any CPU
		{1209B291-D5AD-421A-AE96-5BB59744F5F1}.Debug|ARM64.Build.0 = Debug|Any CPU
		{1209B291-D5AD-421A-AE96-5BB59744F5F1}.Debug|iPhone.ActiveCfg = Debug|Any CPU
		{1209B291-D5AD-421A-AE96-5BB59744F5F1}.Debug|iPhone.Build.0 = Debug|Any CPU
		{1209B291-D5AD-421A-AE96-5BB59744F5F1}.Debug|iPhoneSimulator.ActiveCfg = Debug|Any CPU
		{1209B291-D5AD-421A-AE96-5BB59744F5F1}.Debug|iPhoneSimulator.Build.0 = Debug|Any CPU
		{1209B291-D5AD-421A-AE96-5BB59744F5F1}.Debug|x64.ActiveCfg = Debug|Any CPU
		{1209B291-D5AD-421A-AE96-5BB59744F5F1}.Debug|x64.Build.0 = Debug|Any CPU
		{1209B291-D5AD-421A-AE96-5BB59744F5F1}.Debug|x86.ActiveCfg = Debug|Any CPU
		{1209B291-D5AD-421A-AE96-5BB59744F5F1}.Debug|x86.Build.0 = Debug|Any CPU
		{1209B291-D5AD-421A-AE96-5BB59744F5F1}.Release|Any CPU.ActiveCfg = Release|Any CPU
		{1209B291-D5AD-421A-AE96-5BB59744F5F1}.Release|Any CPU.Build.0 = Release|Any CPU
		{1209B291-D5AD-421A-AE96-5BB59744F5F1}.Release|ARM.ActiveCfg = Release|Any CPU
		{1209B291-D5AD-421A-AE96-5BB59744F5F1}.Release|ARM.Build.0 = Release|Any CPU
		{1209B291-D5AD-421A-AE96-5BB59744F5F1}.Release|ARM64.ActiveCfg = Release|Any CPU
		{1209B291-D5AD-421A-AE96-5BB59744F5F1}.Release|ARM64.Build.0 = Release|Any CPU
		{1209B291-D5AD-421A-AE96-5BB59744F5F1}.Release|iPhone.ActiveCfg = Release|Any CPU
		{1209B291-D5AD-421A-AE96-5BB59744F5F1}.Release|iPhone.Build.0 = Release|Any CPU
		{1209B291-D5AD-421A-AE96-5BB59744F5F1}.Release|iPhoneSimulator.ActiveCfg = Release|Any CPU
		{1209B291-D5AD-421A-AE96-5BB59744F5F1}.Release|iPhoneSimulator.Build.0 = Release|Any CPU
		{1209B291-D5AD-421A-AE96-5BB59744F5F1}.Release|x64.ActiveCfg = Release|Any CPU
		{1209B291-D5AD-421A-AE96-5BB59744F5F1}.Release|x64.Build.0 = Release|Any CPU
		{1209B291-D5AD-421A-AE96-5BB59744F5F1}.Release|x86.ActiveCfg = Release|Any CPU
		{1209B291-D5AD-421A-AE96-5BB59744F5F1}.Release|x86.Build.0 = Release|Any CPU
	EndGlobalSection
	GlobalSection(SolutionProperties) = preSolution
		HideSolutionNode = FALSE
	EndGlobalSection
	GlobalSection(ExtensibilityGlobals) = postSolution
		SolutionGuid = {E06E5799-EF9E-4982-8F34-F0DF0F84B405}
	EndGlobalSection
EndGlobal
